
Microsoft Visual Studio Solution File, Format Version 12.00
# Visual Studio 15
VisualStudioVersion = 15.0.27703.2035
MinimumVisualStudioVersion = 10.0.40219.1
Project("{2150E333-8FDC-42A3-9474-1A3956D46DE8}") = "Lib", "Lib", "{DFC9BBD0-0EDB-40A8-8EE5-E8C9F8F4F984}"
EndProject
Project("{9A19103F-16F7-4668-BE54-9A1E7A4F7556}") = "Intech.EfdReinf.API", "Intech.EfdReinf.API\Intech.EfdReinf.API.csproj", "{E1641C17-17B3-4BA2-8D86-E04D3B6A0EC7}"
EndProject
Project("{2150E333-8FDC-42A3-9474-1A3956D46DE8}") = "Negocio", "Negocio", "{9CE94235-29AC-4405-9211-CF79058EFDBB}"
EndProject
Project("{D954291E-2A0B-460D-934E-DC6B0785DB48}") = "Intech.EfdReinf.Dados", "Intech.EfdReinf.Dados\Intech.EfdReinf.Dados.shproj", "{AC54BC6D-5AB7-45C2-B658-18F1A41DB0CE}"
EndProject
Project("{D954291E-2A0B-460D-934E-DC6B0785DB48}") = "Intech.EfdReinf.Entidades", "Intech.EfdReinf.Entidades\Intech.EfdReinf.Entidades.shproj", "{B6E91566-1997-439A-BF01-7B0A6BDAF450}"
EndProject
Project("{D954291E-2A0B-460D-934E-DC6B0785DB48}") = "Intech.EfdReinf.Negocio", "Intech.EfdReinf.Negocio\Intech.EfdReinf.Negocio.shproj", "{F68676E1-4DDF-4EAF-80C5-F0CF54009589}"
EndProject
Project("{FAE04EC0-301F-11D3-BF4B-00C04F79EFBC}") = "Intech.EfdReinf.Transmissor", "Intech.EfdReinf.Transmissor\Intech.EfdReinf.Transmissor.csproj", "{CBECB4F5-6FE7-410E-B648-044B70A3E0D3}"
EndProject
Project("{9A19103F-16F7-4668-BE54-9A1E7A4F7556}") = "Intech.Lib.Dominios", "..\Intech.Lib\Intech.Lib.Dominios\Intech.Lib.Dominios.csproj", "{027B7F1A-AC36-46C7-9355-917A1CF75365}"
EndProject
Global
	GlobalSection(SharedMSBuildProjectFiles) = preSolution
		Intech.EfdReinf.Dados\Intech.EfdReinf.Dados.projitems*{ac54bc6d-5ab7-45c2-b658-18f1a41db0ce}*SharedItemsImports = 13
		Intech.EfdReinf.Entidades\Intech.EfdReinf.Entidades.projitems*{b6e91566-1997-439a-bf01-7b0a6bdaf450}*SharedItemsImports = 13
		Intech.EfdReinf.Entidades\Intech.EfdReinf.Entidades.projitems*{cbecb4f5-6fe7-410e-b648-044b70a3e0d3}*SharedItemsImports = 4
		Intech.EfdReinf.Negocio\Intech.EfdReinf.Negocio.projitems*{f68676e1-4ddf-4eaf-80c5-f0cf54009589}*SharedItemsImports = 13
	EndGlobalSection
	GlobalSection(SolutionConfigurationPlatforms) = preSolution
		Debug|Any CPU = Debug|Any CPU
		Release|Any CPU = Release|Any CPU
	EndGlobalSection
	GlobalSection(ProjectConfigurationPlatforms) = postSolution
		{E1641C17-17B3-4BA2-8D86-E04D3B6A0EC7}.Debug|Any CPU.ActiveCfg = Debug|Any CPU
		{E1641C17-17B3-4BA2-8D86-E04D3B6A0EC7}.Debug|Any CPU.Build.0 = Debug|Any CPU
		{E1641C17-17B3-4BA2-8D86-E04D3B6A0EC7}.Release|Any CPU.ActiveCfg = Release|Any CPU
		{E1641C17-17B3-4BA2-8D86-E04D3B6A0EC7}.Release|Any CPU.Build.0 = Release|Any CPU
		{CBECB4F5-6FE7-410E-B648-044B70A3E0D3}.Debug|Any CPU.ActiveCfg = Debug|Any CPU
		{CBECB4F5-6FE7-410E-B648-044B70A3E0D3}.Debug|Any CPU.Build.0 = Debug|Any CPU
		{CBECB4F5-6FE7-410E-B648-044B70A3E0D3}.Release|Any CPU.ActiveCfg = Release|Any CPU
		{CBECB4F5-6FE7-410E-B648-044B70A3E0D3}.Release|Any CPU.Build.0 = Release|Any CPU
		{027B7F1A-AC36-46C7-9355-917A1CF75365}.Debug|Any CPU.ActiveCfg = Debug|Any CPU
		{027B7F1A-AC36-46C7-9355-917A1CF75365}.Debug|Any CPU.Build.0 = Debug|Any CPU
		{027B7F1A-AC36-46C7-9355-917A1CF75365}.Release|Any CPU.ActiveCfg = Release|Any CPU
		{027B7F1A-AC36-46C7-9355-917A1CF75365}.Release|Any CPU.Build.0 = Release|Any CPU
	EndGlobalSection
	GlobalSection(SolutionProperties) = preSolution
		HideSolutionNode = FALSE
	EndGlobalSection
	GlobalSection(NestedProjects) = preSolution
		{AC54BC6D-5AB7-45C2-B658-18F1A41DB0CE} = {9CE94235-29AC-4405-9211-CF79058EFDBB}
		{B6E91566-1997-439A-BF01-7B0A6BDAF450} = {9CE94235-29AC-4405-9211-CF79058EFDBB}
		{F68676E1-4DDF-4EAF-80C5-F0CF54009589} = {9CE94235-29AC-4405-9211-CF79058EFDBB}
		{027B7F1A-AC36-46C7-9355-917A1CF75365} = {DFC9BBD0-0EDB-40A8-8EE5-E8C9F8F4F984}
	EndGlobalSection
	GlobalSection(ExtensibilityGlobals) = postSolution
		SolutionGuid = {3EAAB29C-DC13-41D7-B182-D30E5FA98489}
	EndGlobalSection
EndGlobal
